
Microsoft Visual Studio Solution File, Format Version 12.00
# Visual Studio Version 16
VisualStudioVersion = 16.0.31829.152
MinimumVisualStudioVersion = 10.0.40219.1
Project("{9A19103F-16F7-4668-BE54-9A1E7A4F7556}") = "Milos_Bencek_Winning_Group_-_Test_09122021", "Milos_Bencek_Winning_Group_-_Test_09122021\Milos_Bencek_Winning_Group_-_Test_09122021.csproj", "{9A6A4112-869C-4AA2-B1DB-622D379B455B}"
EndProject
Project("{FAE04EC0-301F-11D3-BF4B-00C04F79EFBC}") = "UnitTests", "UnitTests\UnitTests.csproj", "{5CF9BC00-46CD-4AEB-B83B-5D56A1EAC43D}"
EndProject
Global
	GlobalSection(SolutionConfigurationPlatforms) = preSolution
		Debug|Any CPU = Debug|Any CPU
		Release|Any CPU = Release|Any CPU
	EndGlobalSection
	GlobalSection(ProjectConfigurationPlatforms) = postSolution
		{9A6A4112-869C-4AA2-B1DB-622D379B455B}.Debug|Any CPU.ActiveCfg = Debug|Any CPU
		{9A6A4112-869C-4AA2-B1DB-622D379B455B}.Debug|Any CPU.Build.0 = Debug|Any CPU
		{9A6A4112-869C-4AA2-B1DB-622D379B455B}.Release|Any CPU.ActiveCfg = Release|Any CPU
		{9A6A4112-869C-4AA2-B1DB-622D379B455B}.Release|Any CPU.Build.0 = Release|Any CPU
		{5CF9BC00-46CD-4AEB-B83B-5D56A1EAC43D}.Debug|Any CPU.ActiveCfg = Debug|Any CPU
		{5CF9BC00-46CD-4AEB-B83B-5D56A1EAC43D}.Debug|Any CPU.Build.0 = Debug|Any CPU
		{5CF9BC00-46CD-4AEB-B83B-5D56A1EAC43D}.Release|Any CPU.ActiveCfg = Release|Any CPU
		{5CF9BC00-46CD-4AEB-B83B-5D56A1EAC43D}.Release|Any CPU.Build.0 = Release|Any CPU
	EndGlobalSection
	GlobalSection(SolutionProperties) = preSolution
		HideSolutionNode = FALSE
	EndGlobalSection
	GlobalSection(ExtensibilityGlobals) = postSolution
		SolutionGuid = {5A4EFDDF-BBC3-4147-93E7-1F465E50D4D5}
	EndGlobalSection
EndGlobal
